
Microsoft Visual Studio Solution File, Format Version 12.00
# Visual Studio 14
VisualStudioVersion = 14.0.25123.0
MinimumVisualStudioVersion = 10.0.40219.1
Project("{FAE04EC0-301F-11D3-BF4B-00C04F79EFBC}") = "Xam.Plugins.VideoPlayer", "Xam.Plugins.VideoPlayer\Xam.Plugins.VideoPlayer.csproj", "{67F9D3A8-F71E-4428-913F-C37AE82CDB24}"
EndProject
Project("{FAE04EC0-301F-11D3-BF4B-00C04F79EFBC}") = "Xam.Plugins.VideoPlayer.Droid", "Xam.Plugins.VideoPlayer.Droid\Xam.Plugins.VideoPlayer.Droid.csproj", "{C9E6E888-F5D9-446B-B502-7B50267793B8}"
EndProject
Project("{FAE04EC0-301F-11D3-BF4B-00C04F79EFBC}") = "Xam.Plugins.VideoPlayer.IOS", "Xam.Plugins.VideoPlayer.IOS\Xam.Plugins.VideoPlayer.IOS.csproj", "{1BF27A2D-AB89-4658-8F41-59105ACA2B9A}"
EndProject
Project("{FAE04EC0-301F-11D3-BF4B-00C04F79EFBC}") = "Xam.Plugins.VideoPlayer.UWP", "Xam.Plugins.VideoPlayer.UWP\Xam.Plugins.VideoPlayer.UWP.csproj", "{E5D35055-908A-460B-BE7A-EFD94EDDD562}"
EndProject
Project("{FAE04EC0-301F-11D3-BF4B-00C04F79EFBC}") = "Xam.Plugins.VideoPlayer.WinRT", "Xam.Plugins.VideoPlayer.WinRT\Xam.Plugins.VideoPlayer.WinRT.csproj", "{0041FE4D-BAFB-4BFA-9F4C-9F06D36F7F33}"
EndProject
Project("{FAE04EC0-301F-11D3-BF4B-00C04F79EFBC}") = "Xam.Plugins.VideoPlayer.WinRT.Phone", "Xam.Plugins.VideoPlayer.WinRT.Phone\Xam.Plugins.VideoPlayer.WinRT.Phone.csproj", "{976EB37D-499F-44D5-88CB-B215F28E3A8C}"
EndProject
Project("{2150E333-8FDC-42A3-9474-1A3956D46DE8}") = ".nuget", ".nuget", "{60313690-BD29-4E77-890E-B508D72327B4}"
	ProjectSection(SolutionItems) = preProject
		..\.nuget\NuGet.Config = ..\.nuget\NuGet.Config
	EndProjectSection
EndProject
Project("{2150E333-8FDC-42A3-9474-1A3956D46DE8}") = ".nuspec", ".nuspec", "{19C5A775-F463-47C1-9BBA-85CD70A30188}"
	ProjectSection(SolutionItems) = preProject
		..\.nuget\definitions\Xam.Plugins.VideoPlayer.nuspec = ..\.nuget\definitions\Xam.Plugins.VideoPlayer.nuspec
	EndProjectSection
EndProject
Project("{2150E333-8FDC-42A3-9474-1A3956D46DE8}") = ".docs", ".docs", "{60B78BC1-82A2-4403-8C65-CD9E795A0E88}"
	ProjectSection(SolutionItems) = preProject
		..\LICENSE = ..\LICENSE
		..\README.md = ..\README.md
		..\docs\Xam.Plugins.VideoPlayer.md = ..\docs\Xam.Plugins.VideoPlayer.md
	EndProjectSection
EndProject
Project("{2150E333-8FDC-42A3-9474-1A3956D46DE8}") = "source", "source", "{6C2EEECF-3B24-4543-9E50-FAFF112BBFE1}"
EndProject
Project("{2150E333-8FDC-42A3-9474-1A3956D46DE8}") = "samples", "samples", "{21B25D96-F38D-4D11-BB0E-997157DB91BA}"
EndProject
Project("{2150E333-8FDC-42A3-9474-1A3956D46DE8}") = "tests", "tests", "{65D84EA8-AD5C-4C89-9703-A999D11B44C3}"
EndProject
Project("{FAE04EC0-301F-11D3-BF4B-00C04F79EFBC}") = "Xam.Plugins.VideoPlayer.Sample.Droid", "..\samples\Xam.Plugins.VideoPlayer.Sample.Droid\Xam.Plugins.VideoPlayer.Sample.Droid.csproj", "{1F2AC44B-F9B3-49A4-9043-DBE79C7BC9A0}"
EndProject
Project("{FAE04EC0-301F-11D3-BF4B-00C04F79EFBC}") = "Xam.Plugins.VideoPlayer.Sample.WinPhone", "..\samples\Xam.Plugins.VideoPlayer.Sample.WinPhone\Xam.Plugins.VideoPlayer.Sample.WinPhone.csproj", "{B9B6A981-F159-4ABB-9009-53C8ADEEC4EE}"
EndProject
Project("{FAE04EC0-301F-11D3-BF4B-00C04F79EFBC}") = "Xam.Plugins.VideoPlayer.Sample.UWP", "..\samples\Xam.Plugins.VideoPlayer.Sample.UWP\Xam.Plugins.VideoPlayer.Sample.UWP.csproj", "{3FB0473F-8045-446E-9CB5-7B104A899D45}"
EndProject
Project("{FAE04EC0-301F-11D3-BF4B-00C04F79EFBC}") = "Xam.Plugins.VideoPlayer.Sample.Windows", "..\samples\Xam.Plugins.VideoPlayer.Sample.Windows\Xam.Plugins.VideoPlayer.Sample.Windows.csproj", "{FDF419A0-BB42-4940-9985-DB196E70B433}"
EndProject
Project("{FAE04EC0-301F-11D3-BF4B-00C04F79EFBC}") = "Xam.Plugins.VideoPlayer.Sample", "..\samples\Xam.Plugins.VideoPlayer.Sample\Xam.Plugins.VideoPlayer.Sample.csproj", "{A61CE324-2B71-455E-A741-C04543BAE82F}"
EndProject
Project("{FAE04EC0-301F-11D3-BF4B-00C04F79EFBC}") = "Xam.Plugins.VideoPlayer.Sample.iOS", "..\samples\Xam.Plugins.VideoPlayer.Sample.iOS\Xam.Plugins.VideoPlayer.Sample.iOS.csproj", "{54AD40D1-D3C5-4F3E-AB21-C37A345EF579}"
EndProject
Project("{D954291E-2A0B-460D-934E-DC6B0785DB48}") = "Xam.Plugins.VideoPlayer.WinRT.Shared", "Xam.Plugins.VideoPlayer.WinRT.Shared\Xam.Plugins.VideoPlayer.WinRT.Shared.shproj", "{2B7F63AF-7EC7-4305-8686-BED2AC1B84EF}"
EndProject
Project("{2150E333-8FDC-42A3-9474-1A3956D46DE8}") = ".misc", ".misc", "{F6684CBC-3CFE-48C3-AE95-B3BFC6185A3E}"
	ProjectSection(SolutionItems) = preProject
		AssemblyInfo.Shared.cs = AssemblyInfo.Shared.cs
		..\version.json = ..\version.json
	EndProjectSection
EndProject
Global
	GlobalSection(SharedMSBuildProjectFiles) = preSolution
		Xam.Plugins.VideoPlayer.WinRT.Shared\Xam.Plugins.VideoPlayer.WinRT.Shared.projitems*{e5d35055-908a-460b-be7a-efd94eddd562}*SharedItemsImports = 4
		Xam.Plugins.VideoPlayer.WinRT.Shared\Xam.Plugins.VideoPlayer.WinRT.Shared.projitems*{2b7f63af-7ec7-4305-8686-bed2ac1b84ef}*SharedItemsImports = 13
		Xam.Plugins.VideoPlayer.WinRT.Shared\Xam.Plugins.VideoPlayer.WinRT.Shared.projitems*{0041fe4d-bafb-4bfa-9f4c-9f06d36f7f33}*SharedItemsImports = 4
		Xam.Plugins.VideoPlayer.WinRT.Shared\Xam.Plugins.VideoPlayer.WinRT.Shared.projitems*{976eb37d-499f-44d5-88cb-b215f28e3a8c}*SharedItemsImports = 4
	EndGlobalSection
	GlobalSection(SolutionConfigurationPlatforms) = preSolution
		Ad-Hoc|Any CPU = Ad-Hoc|Any CPU
		Ad-Hoc|ARM = Ad-Hoc|ARM
		Ad-Hoc|iPhone = Ad-Hoc|iPhone
		Ad-Hoc|iPhoneSimulator = Ad-Hoc|iPhoneSimulator
		Ad-Hoc|x64 = Ad-Hoc|x64
		Ad-Hoc|x86 = Ad-Hoc|x86
		AppStore|Any CPU = AppStore|Any CPU
		AppStore|ARM = AppStore|ARM
		AppStore|iPhone = AppStore|iPhone
		AppStore|iPhoneSimulator = AppStore|iPhoneSimulator
		AppStore|x64 = AppStore|x64
		AppStore|x86 = AppStore|x86
		Debug|Any CPU = Debug|Any CPU
		Debug|ARM = Debug|ARM
		Debug|iPhone = Debug|iPhone
		Debug|iPhoneSimulator = Debug|iPhoneSimulator
		Debug|x64 = Debug|x64
		Debug|x86 = Debug|x86
		Release|Any CPU = Release|Any CPU
		Release|ARM = Release|ARM
		Release|iPhone = Release|iPhone
		Release|iPhoneSimulator = Release|iPhoneSimulator
		Release|x64 = Release|x64
		Release|x86 = Release|x86
	EndGlobalSection
	GlobalSection(ProjectConfigurationPlatforms) = postSolution
		{67F9D3A8-F71E-4428-913F-C37AE82CDB24}.Ad-Hoc|Any CPU.ActiveCfg = Release|Any CPU
		{67F9D3A8-F71E-4428-913F-C37AE82CDB24}.Ad-Hoc|Any CPU.Build.0 = Release|Any CPU
		{67F9D3A8-F71E-4428-913F-C37AE82CDB24}.Ad-Hoc|ARM.ActiveCfg = Release|Any CPU
		{67F9D3A8-F71E-4428-913F-C37AE82CDB24}.Ad-Hoc|ARM.Build.0 = Release|Any CPU
		{67F9D3A8-F71E-4428-913F-C37AE82CDB24}.Ad-Hoc|iPhone.ActiveCfg = Release|Any CPU
		{67F9D3A8-F71E-4428-913F-C37AE82CDB24}.Ad-Hoc|iPhone.Build.0 = Release|Any CPU
		{67F9D3A8-F71E-4428-913F-C37AE82CDB24}.Ad-Hoc|iPhoneSimulator.ActiveCfg = Release|Any CPU
		{67F9D3A8-F71E-4428-913F-C37AE82CDB24}.Ad-Hoc|iPhoneSimulator.Build.0 = Release|Any CPU
		{67F9D3A8-F71E-4428-913F-C37AE82CDB24}.Ad-Hoc|x64.ActiveCfg = Release|Any CPU
		{67F9D3A8-F71E-4428-913F-C37AE82CDB24}.Ad-Hoc|x64.Build.0 = Release|Any CPU
		{67F9D3A8-F71E-4428-913F-C37AE82CDB24}.Ad-Hoc|x86.ActiveCfg = Release|Any CPU
		{67F9D3A8-F71E-4428-913F-C37AE82CDB24}.Ad-Hoc|x86.Build.0 = Release|Any CPU
		{67F9D3A8-F71E-4428-913F-C37AE82CDB24}.AppStore|Any CPU.ActiveCfg = Release|Any CPU
		{67F9D3A8-F71E-4428-913F-C37AE82CDB24}.AppStore|Any CPU.Build.0 = Release|Any CPU
		{67F9D3A8-F71E-4428-913F-C37AE82CDB24}.AppStore|ARM.ActiveCfg = Release|Any CPU
		{67F9D3A8-F71E-4428-913F-C37AE82CDB24}.AppStore|ARM.Build.0 = Release|Any CPU
		{67F9D3A8-F71E-4428-913F-C37AE82CDB24}.AppStore|iPhone.ActiveCfg = Release|Any CPU
		{67F9D3A8-F71E-4428-913F-C37AE82CDB24}.AppStore|iPhone.Build.0 = Release|Any CPU
		{67F9D3A8-F71E-4428-913F-C37AE82CDB24}.AppStore|iPhoneSimulator.ActiveCfg = Release|Any CPU
		{67F9D3A8-F71E-4428-913F-C37AE82CDB24}.AppStore|iPhoneSimulator.Build.0 = Release|Any CPU
		{67F9D3A8-F71E-4428-913F-C37AE82CDB24}.AppStore|x64.ActiveCfg = Release|Any CPU
		{67F9D3A8-F71E-4428-913F-C37AE82CDB24}.AppStore|x64.Build.0 = Release|Any CPU
		{67F9D3A8-F71E-4428-913F-C37AE82CDB24}.AppStore|x86.ActiveCfg = Release|Any CPU
		{67F9D3A8-F71E-4428-913F-C37AE82CDB24}.AppStore|x86.Build.0 = Release|Any CPU
		{67F9D3A8-F71E-4428-913F-C37AE82CDB24}.Debug|Any CPU.ActiveCfg = Debug|Any CPU
		{67F9D3A8-F71E-4428-913F-C37AE82CDB24}.Debug|Any CPU.Build.0 = Debug|Any CPU
		{67F9D3A8-F71E-4428-913F-C37AE82CDB24}.Debug|ARM.ActiveCfg = Debug|Any CPU
		{67F9D3A8-F71E-4428-913F-C37AE82CDB24}.Debug|ARM.Build.0 = Debug|Any CPU
		{67F9D3A8-F71E-4428-913F-C37AE82CDB24}.Debug|iPhone.ActiveCfg = Debug|Any CPU
		{67F9D3A8-F71E-4428-913F-C37AE82CDB24}.Debug|iPhone.Build.0 = Debug|Any CPU
		{67F9D3A8-F71E-4428-913F-C37AE82CDB24}.Debug|iPhoneSimulator.ActiveCfg = Debug|Any CPU
		{67F9D3A8-F71E-4428-913F-C37AE82CDB24}.Debug|iPhoneSimulator.Build.0 = Debug|Any CPU
		{67F9D3A8-F71E-4428-913F-C37AE82CDB24}.Debug|x64.ActiveCfg = Debug|Any CPU
		{67F9D3A8-F71E-4428-913F-C37AE82CDB24}.Debug|x64.Build.0 = Debug|Any CPU
		{67F9D3A8-F71E-4428-913F-C37AE82CDB24}.Debug|x86.ActiveCfg = Debug|Any CPU
		{67F9D3A8-F71E-4428-913F-C37AE82CDB24}.Debug|x86.Build.0 = Debug|Any CPU
		{67F9D3A8-F71E-4428-913F-C37AE82CDB24}.Release|Any CPU.ActiveCfg = Release|Any CPU
		{67F9D3A8-F71E-4428-913F-C37AE82CDB24}.Release|Any CPU.Build.0 = Release|Any CPU
		{67F9D3A8-F71E-4428-913F-C37AE82CDB24}.Release|ARM.ActiveCfg = Release|Any CPU
		{67F9D3A8-F71E-4428-913F-C37AE82CDB24}.Release|ARM.Build.0 = Release|Any CPU
		{67F9D3A8-F71E-4428-913F-C37AE82CDB24}.Release|iPhone.ActiveCfg = Release|Any CPU
		{67F9D3A8-F71E-4428-913F-C37AE82CDB24}.Release|iPhone.Build.0 = Release|Any CPU
		{67F9D3A8-F71E-4428-913F-C37AE82CDB24}.Release|iPhoneSimulator.ActiveCfg = Release|Any CPU
		{67F9D3A8-F71E-4428-913F-C37AE82CDB24}.Release|iPhoneSimulator.Build.0 = Release|Any CPU
		{67F9D3A8-F71E-4428-913F-C37AE82CDB24}.Release|x64.ActiveCfg = Release|Any CPU
		{67F9D3A8-F71E-4428-913F-C37AE82CDB24}.Release|x64.Build.0 = Release|Any CPU
		{67F9D3A8-F71E-4428-913F-C37AE82CDB24}.Release|x86.ActiveCfg = Release|Any CPU
		{67F9D3A8-F71E-4428-913F-C37AE82CDB24}.Release|x86.Build.0 = Release|Any CPU
		{C9E6E888-F5D9-446B-B502-7B50267793B8}.Ad-Hoc|Any CPU.ActiveCfg = Release|Any CPU
		{C9E6E888-F5D9-446B-B502-7B50267793B8}.Ad-Hoc|Any CPU.Build.0 = Release|Any CPU
		{C9E6E888-F5D9-446B-B502-7B50267793B8}.Ad-Hoc|ARM.ActiveCfg = Release|Any CPU
		{C9E6E888-F5D9-446B-B502-7B50267793B8}.Ad-Hoc|ARM.Build.0 = Release|Any CPU
		{C9E6E888-F5D9-446B-B502-7B50267793B8}.Ad-Hoc|iPhone.ActiveCfg = Release|Any CPU
		{C9E6E888-F5D9-446B-B502-7B50267793B8}.Ad-Hoc|iPhone.Build.0 = Release|Any CPU
		{C9E6E888-F5D9-446B-B502-7B50267793B8}.Ad-Hoc|iPhoneSimulator.ActiveCfg = Release|Any CPU
		{C9E6E888-F5D9-446B-B502-7B50267793B8}.Ad-Hoc|iPhoneSimulator.Build.0 = Release|Any CPU
		{C9E6E888-F5D9-446B-B502-7B50267793B8}.Ad-Hoc|x64.ActiveCfg = Release|Any CPU
		{C9E6E888-F5D9-446B-B502-7B50267793B8}.Ad-Hoc|x64.Build.0 = Release|Any CPU
		{C9E6E888-F5D9-446B-B502-7B50267793B8}.Ad-Hoc|x86.ActiveCfg = Release|Any CPU
		{C9E6E888-F5D9-446B-B502-7B50267793B8}.Ad-Hoc|x86.Build.0 = Release|Any CPU
		{C9E6E888-F5D9-446B-B502-7B50267793B8}.AppStore|Any CPU.ActiveCfg = Release|Any CPU
		{C9E6E888-F5D9-446B-B502-7B50267793B8}.AppStore|Any CPU.Build.0 = Release|Any CPU
		{C9E6E888-F5D9-446B-B502-7B50267793B8}.AppStore|ARM.ActiveCfg = Release|Any CPU
		{C9E6E888-F5D9-446B-B502-7B50267793B8}.AppStore|ARM.Build.0 = Release|Any CPU
		{C9E6E888-F5D9-446B-B502-7B50267793B8}.AppStore|iPhone.ActiveCfg = Release|Any CPU
		{C9E6E888-F5D9-446B-B502-7B50267793B8}.AppStore|iPhone.Build.0 = Release|Any CPU
		{C9E6E888-F5D9-446B-B502-7B50267793B8}.AppStore|iPhoneSimulator.ActiveCfg = Release|Any CPU
		{C9E6E888-F5D9-446B-B502-7B50267793B8}.AppStore|iPhoneSimulator.Build.0 = Release|Any CPU
		{C9E6E888-F5D9-446B-B502-7B50267793B8}.AppStore|x64.ActiveCfg = Release|Any CPU
		{C9E6E888-F5D9-446B-B502-7B50267793B8}.AppStore|x64.Build.0 = Release|Any CPU
		{C9E6E888-F5D9-446B-B502-7B50267793B8}.AppStore|x86.ActiveCfg = Release|Any CPU
		{C9E6E888-F5D9-446B-B502-7B50267793B8}.AppStore|x86.Build.0 = Release|Any CPU
		{C9E6E888-F5D9-446B-B502-7B50267793B8}.Debug|Any CPU.ActiveCfg = Debug|Any CPU
		{C9E6E888-F5D9-446B-B502-7B50267793B8}.Debug|Any CPU.Build.0 = Debug|Any CPU
		{C9E6E888-F5D9-446B-B502-7B50267793B8}.Debug|ARM.ActiveCfg = Debug|Any CPU
		{C9E6E888-F5D9-446B-B502-7B50267793B8}.Debug|ARM.Build.0 = Debug|Any CPU
		{C9E6E888-F5D9-446B-B502-7B50267793B8}.Debug|iPhone.ActiveCfg = Debug|Any CPU
		{C9E6E888-F5D9-446B-B502-7B50267793B8}.Debug|iPhone.Build.0 = Debug|Any CPU
		{C9E6E888-F5D9-446B-B502-7B50267793B8}.Debug|iPhoneSimulator.ActiveCfg = Debug|Any CPU
		{C9E6E888-F5D9-446B-B502-7B50267793B8}.Debug|iPhoneSimulator.Build.0 = Debug|Any CPU
		{C9E6E888-F5D9-446B-B502-7B50267793B8}.Debug|x64.ActiveCfg = Debug|Any CPU
		{C9E6E888-F5D9-446B-B502-7B50267793B8}.Debug|x64.Build.0 = Debug|Any CPU
		{C9E6E888-F5D9-446B-B502-7B50267793B8}.Debug|x86.ActiveCfg = Debug|Any CPU
		{C9E6E888-F5D9-446B-B502-7B50267793B8}.Debug|x86.Build.0 = Debug|Any CPU
		{C9E6E888-F5D9-446B-B502-7B50267793B8}.Release|Any CPU.ActiveCfg = Release|Any CPU
		{C9E6E888-F5D9-446B-B502-7B50267793B8}.Release|Any CPU.Build.0 = Release|Any CPU
		{C9E6E888-F5D9-446B-B502-7B50267793B8}.Release|ARM.ActiveCfg = Release|Any CPU
		{C9E6E888-F5D9-446B-B502-7B50267793B8}.Release|ARM.Build.0 = Release|Any CPU
		{C9E6E888-F5D9-446B-B502-7B50267793B8}.Release|iPhone.ActiveCfg = Release|Any CPU
		{C9E6E888-F5D9-446B-B502-7B50267793B8}.Release|iPhone.Build.0 = Release|Any CPU
		{C9E6E888-F5D9-446B-B502-7B50267793B8}.Release|iPhoneSimulator.ActiveCfg = Release|Any CPU
		{C9E6E888-F5D9-446B-B502-7B50267793B8}.Release|iPhoneSimulator.Build.0 = Release|Any CPU
		{C9E6E888-F5D9-446B-B502-7B50267793B8}.Release|x64.ActiveCfg = Release|Any CPU
		{C9E6E888-F5D9-446B-B502-7B50267793B8}.Release|x64.Build.0 = Release|Any CPU
		{C9E6E888-F5D9-446B-B502-7B50267793B8}.Release|x86.ActiveCfg = Release|Any CPU
		{C9E6E888-F5D9-446B-B502-7B50267793B8}.Release|x86.Build.0 = Release|Any CPU
		{1BF27A2D-AB89-4658-8F41-59105ACA2B9A}.Ad-Hoc|Any CPU.ActiveCfg = Release|Any CPU
		{1BF27A2D-AB89-4658-8F41-59105ACA2B9A}.Ad-Hoc|Any CPU.Build.0 = Release|Any CPU
		{1BF27A2D-AB89-4658-8F41-59105ACA2B9A}.Ad-Hoc|ARM.ActiveCfg = Release|Any CPU
		{1BF27A2D-AB89-4658-8F41-59105ACA2B9A}.Ad-Hoc|ARM.Build.0 = Release|Any CPU
		{1BF27A2D-AB89-4658-8F41-59105ACA2B9A}.Ad-Hoc|iPhone.ActiveCfg = Release|Any CPU
		{1BF27A2D-AB89-4658-8F41-59105ACA2B9A}.Ad-Hoc|iPhone.Build.0 = Release|Any CPU
		{1BF27A2D-AB89-4658-8F41-59105ACA2B9A}.Ad-Hoc|iPhoneSimulator.ActiveCfg = Release|Any CPU
		{1BF27A2D-AB89-4658-8F41-59105ACA2B9A}.Ad-Hoc|iPhoneSimulator.Build.0 = Release|Any CPU
		{1BF27A2D-AB89-4658-8F41-59105ACA2B9A}.Ad-Hoc|x64.ActiveCfg = Release|Any CPU
		{1BF27A2D-AB89-4658-8F41-59105ACA2B9A}.Ad-Hoc|x64.Build.0 = Release|Any CPU
		{1BF27A2D-AB89-4658-8F41-59105ACA2B9A}.Ad-Hoc|x86.ActiveCfg = Release|Any CPU
		{1BF27A2D-AB89-4658-8F41-59105ACA2B9A}.Ad-Hoc|x86.Build.0 = Release|Any CPU
		{1BF27A2D-AB89-4658-8F41-59105ACA2B9A}.AppStore|Any CPU.ActiveCfg = Release|Any CPU
		{1BF27A2D-AB89-4658-8F41-59105ACA2B9A}.AppStore|Any CPU.Build.0 = Release|Any CPU
		{1BF27A2D-AB89-4658-8F41-59105ACA2B9A}.AppStore|ARM.ActiveCfg = Release|Any CPU
		{1BF27A2D-AB89-4658-8F41-59105ACA2B9A}.AppStore|ARM.Build.0 = Release|Any CPU
		{1BF27A2D-AB89-4658-8F41-59105ACA2B9A}.AppStore|iPhone.ActiveCfg = Release|Any CPU
		{1BF27A2D-AB89-4658-8F41-59105ACA2B9A}.AppStore|iPhone.Build.0 = Release|Any CPU
		{1BF27A2D-AB89-4658-8F41-59105ACA2B9A}.AppStore|iPhoneSimulator.ActiveCfg = Release|Any CPU
		{1BF27A2D-AB89-4658-8F41-59105ACA2B9A}.AppStore|iPhoneSimulator.Build.0 = Release|Any CPU
		{1BF27A2D-AB89-4658-8F41-59105ACA2B9A}.AppStore|x64.ActiveCfg = Release|Any CPU
		{1BF27A2D-AB89-4658-8F41-59105ACA2B9A}.AppStore|x64.Build.0 = Release|Any CPU
		{1BF27A2D-AB89-4658-8F41-59105ACA2B9A}.AppStore|x86.ActiveCfg = Release|Any CPU
		{1BF27A2D-AB89-4658-8F41-59105ACA2B9A}.AppStore|x86.Build.0 = Release|Any CPU
		{1BF27A2D-AB89-4658-8F41-59105ACA2B9A}.Debug|Any CPU.ActiveCfg = Debug|Any CPU
		{1BF27A2D-AB89-4658-8F41-59105ACA2B9A}.Debug|Any CPU.Build.0 = Debug|Any CPU
		{1BF27A2D-AB89-4658-8F41-59105ACA2B9A}.Debug|ARM.ActiveCfg = Debug|Any CPU
		{1BF27A2D-AB89-4658-8F41-59105ACA2B9A}.Debug|ARM.Build.0 = Debug|Any CPU
		{1BF27A2D-AB89-4658-8F41-59105ACA2B9A}.Debug|iPhone.ActiveCfg = Debug|Any CPU
		{1BF27A2D-AB89-4658-8F41-59105ACA2B9A}.Debug|iPhone.Build.0 = Debug|Any CPU
		{1BF27A2D-AB89-4658-8F41-59105ACA2B9A}.Debug|iPhoneSimulator.ActiveCfg = Debug|Any CPU
		{1BF27A2D-AB89-4658-8F41-59105ACA2B9A}.Debug|iPhoneSimulator.Build.0 = Debug|Any CPU
		{1BF27A2D-AB89-4658-8F41-59105ACA2B9A}.Debug|x64.ActiveCfg = Debug|Any CPU
		{1BF27A2D-AB89-4658-8F41-59105ACA2B9A}.Debug|x64.Build.0 = Debug|Any CPU
		{1BF27A2D-AB89-4658-8F41-59105ACA2B9A}.Debug|x86.ActiveCfg = Debug|Any CPU
		{1BF27A2D-AB89-4658-8F41-59105ACA2B9A}.Debug|x86.Build.0 = Debug|Any CPU
		{1BF27A2D-AB89-4658-8F41-59105ACA2B9A}.Release|Any CPU.ActiveCfg = Release|Any CPU
		{1BF27A2D-AB89-4658-8F41-59105ACA2B9A}.Release|Any CPU.Build.0 = Release|Any CPU
		{1BF27A2D-AB89-4658-8F41-59105ACA2B9A}.Release|ARM.ActiveCfg = Release|Any CPU
		{1BF27A2D-AB89-4658-8F41-59105ACA2B9A}.Release|ARM.Build.0 = Release|Any CPU
		{1BF27A2D-AB89-4658-8F41-59105ACA2B9A}.Release|iPhone.ActiveCfg = Release|Any CPU
		{1BF27A2D-AB89-4658-8F41-59105ACA2B9A}.Release|iPhone.Build.0 = Release|Any CPU
		{1BF27A2D-AB89-4658-8F41-59105ACA2B9A}.Release|iPhoneSimulator.ActiveCfg = Release|Any CPU
		{1BF27A2D-AB89-4658-8F41-59105ACA2B9A}.Release|iPhoneSimulator.Build.0 = Release|Any CPU
		{1BF27A2D-AB89-4658-8F41-59105ACA2B9A}.Release|x64.ActiveCfg = Release|Any CPU
		{1BF27A2D-AB89-4658-8F41-59105ACA2B9A}.Release|x64.Build.0 = Release|Any CPU
		{1BF27A2D-AB89-4658-8F41-59105ACA2B9A}.Release|x86.ActiveCfg = Release|Any CPU
		{1BF27A2D-AB89-4658-8F41-59105ACA2B9A}.Release|x86.Build.0 = Release|Any CPU
		{E5D35055-908A-460B-BE7A-EFD94EDDD562}.Ad-Hoc|Any CPU.ActiveCfg = Release|Any CPU
		{E5D35055-908A-460B-BE7A-EFD94EDDD562}.Ad-Hoc|Any CPU.Build.0 = Release|Any CPU
		{E5D35055-908A-460B-BE7A-EFD94EDDD562}.Ad-Hoc|ARM.ActiveCfg = Release|ARM
		{E5D35055-908A-460B-BE7A-EFD94EDDD562}.Ad-Hoc|ARM.Build.0 = Release|ARM
		{E5D35055-908A-460B-BE7A-EFD94EDDD562}.Ad-Hoc|iPhone.ActiveCfg = Release|Any CPU
		{E5D35055-908A-460B-BE7A-EFD94EDDD562}.Ad-Hoc|iPhone.Build.0 = Release|Any CPU
		{E5D35055-908A-460B-BE7A-EFD94EDDD562}.Ad-Hoc|iPhoneSimulator.ActiveCfg = Release|Any CPU
		{E5D35055-908A-460B-BE7A-EFD94EDDD562}.Ad-Hoc|iPhoneSimulator.Build.0 = Release|Any CPU
		{E5D35055-908A-460B-BE7A-EFD94EDDD562}.Ad-Hoc|x64.ActiveCfg = Release|x64
		{E5D35055-908A-460B-BE7A-EFD94EDDD562}.Ad-Hoc|x64.Build.0 = Release|x64
		{E5D35055-908A-460B-BE7A-EFD94EDDD562}.Ad-Hoc|x86.ActiveCfg = Release|x86
		{E5D35055-908A-460B-BE7A-EFD94EDDD562}.Ad-Hoc|x86.Build.0 = Release|x86
		{E5D35055-908A-460B-BE7A-EFD94EDDD562}.AppStore|Any CPU.ActiveCfg = Release|Any CPU
		{E5D35055-908A-460B-BE7A-EFD94EDDD562}.AppStore|Any CPU.Build.0 = Release|Any CPU
		{E5D35055-908A-460B-BE7A-EFD94EDDD562}.AppStore|ARM.ActiveCfg = Release|ARM
		{E5D35055-908A-460B-BE7A-EFD94EDDD562}.AppStore|ARM.Build.0 = Release|ARM
		{E5D35055-908A-460B-BE7A-EFD94EDDD562}.AppStore|iPhone.ActiveCfg = Release|Any CPU
		{E5D35055-908A-460B-BE7A-EFD94EDDD562}.AppStore|iPhone.Build.0 = Release|Any CPU
		{E5D35055-908A-460B-BE7A-EFD94EDDD562}.AppStore|iPhoneSimulator.ActiveCfg = Release|Any CPU
		{E5D35055-908A-460B-BE7A-EFD94EDDD562}.AppStore|iPhoneSimulator.Build.0 = Release|Any CPU
		{E5D35055-908A-460B-BE7A-EFD94EDDD562}.AppStore|x64.ActiveCfg = Release|x64
		{E5D35055-908A-460B-BE7A-EFD94EDDD562}.AppStore|x64.Build.0 = Release|x64
		{E5D35055-908A-460B-BE7A-EFD94EDDD562}.AppStore|x86.ActiveCfg = Release|x86
		{E5D35055-908A-460B-BE7A-EFD94EDDD562}.AppStore|x86.Build.0 = Release|x86
		{E5D35055-908A-460B-BE7A-EFD94EDDD562}.Debug|Any CPU.ActiveCfg = Debug|Any CPU
		{E5D35055-908A-460B-BE7A-EFD94EDDD562}.Debug|Any CPU.Build.0 = Debug|Any CPU
		{E5D35055-908A-460B-BE7A-EFD94EDDD562}.Debug|ARM.ActiveCfg = Debug|ARM
		{E5D35055-908A-460B-BE7A-EFD94EDDD562}.Debug|ARM.Build.0 = Debug|ARM
		{E5D35055-908A-460B-BE7A-EFD94EDDD562}.Debug|iPhone.ActiveCfg = Debug|Any CPU
		{E5D35055-908A-460B-BE7A-EFD94EDDD562}.Debug|iPhone.Build.0 = Debug|Any CPU
		{E5D35055-908A-460B-BE7A-EFD94EDDD562}.Debug|iPhoneSimulator.ActiveCfg = Debug|Any CPU
		{E5D35055-908A-460B-BE7A-EFD94EDDD562}.Debug|iPhoneSimulator.Build.0 = Debug|Any CPU
		{E5D35055-908A-460B-BE7A-EFD94EDDD562}.Debug|x64.ActiveCfg = Debug|x64
		{E5D35055-908A-460B-BE7A-EFD94EDDD562}.Debug|x64.Build.0 = Debug|x64
		{E5D35055-908A-460B-BE7A-EFD94EDDD562}.Debug|x86.ActiveCfg = Debug|x86
		{E5D35055-908A-460B-BE7A-EFD94EDDD562}.Debug|x86.Build.0 = Debug|x86
		{E5D35055-908A-460B-BE7A-EFD94EDDD562}.Release|Any CPU.ActiveCfg = Release|Any CPU
		{E5D35055-908A-460B-BE7A-EFD94EDDD562}.Release|Any CPU.Build.0 = Release|Any CPU
		{E5D35055-908A-460B-BE7A-EFD94EDDD562}.Release|ARM.ActiveCfg = Release|ARM
		{E5D35055-908A-460B-BE7A-EFD94EDDD562}.Release|ARM.Build.0 = Release|ARM
		{E5D35055-908A-460B-BE7A-EFD94EDDD562}.Release|iPhone.ActiveCfg = Release|Any CPU
		{E5D35055-908A-460B-BE7A-EFD94EDDD562}.Release|iPhone.Build.0 = Release|Any CPU
		{E5D35055-908A-460B-BE7A-EFD94EDDD562}.Release|iPhoneSimulator.ActiveCfg = Release|Any CPU
		{E5D35055-908A-460B-BE7A-EFD94EDDD562}.Release|iPhoneSimulator.Build.0 = Release|Any CPU
		{E5D35055-908A-460B-BE7A-EFD94EDDD562}.Release|x64.ActiveCfg = Release|x64
		{E5D35055-908A-460B-BE7A-EFD94EDDD562}.Release|x64.Build.0 = Release|x64
		{E5D35055-908A-460B-BE7A-EFD94EDDD562}.Release|x86.ActiveCfg = Release|x86
		{E5D35055-908A-460B-BE7A-EFD94EDDD562}.Release|x86.Build.0 = Release|x86
		{0041FE4D-BAFB-4BFA-9F4C-9F06D36F7F33}.Ad-Hoc|Any CPU.ActiveCfg = Release|Any CPU
		{0041FE4D-BAFB-4BFA-9F4C-9F06D36F7F33}.Ad-Hoc|Any CPU.Build.0 = Release|Any CPU
		{0041FE4D-BAFB-4BFA-9F4C-9F06D36F7F33}.Ad-Hoc|ARM.ActiveCfg = Release|Any CPU
		{0041FE4D-BAFB-4BFA-9F4C-9F06D36F7F33}.Ad-Hoc|ARM.Build.0 = Release|Any CPU
		{0041FE4D-BAFB-4BFA-9F4C-9F06D36F7F33}.Ad-Hoc|iPhone.ActiveCfg = Release|Any CPU
		{0041FE4D-BAFB-4BFA-9F4C-9F06D36F7F33}.Ad-Hoc|iPhone.Build.0 = Release|Any CPU
		{0041FE4D-BAFB-4BFA-9F4C-9F06D36F7F33}.Ad-Hoc|iPhoneSimulator.ActiveCfg = Release|Any CPU
		{0041FE4D-BAFB-4BFA-9F4C-9F06D36F7F33}.Ad-Hoc|iPhoneSimulator.Build.0 = Release|Any CPU
		{0041FE4D-BAFB-4BFA-9F4C-9F06D36F7F33}.Ad-Hoc|x64.ActiveCfg = Release|Any CPU
		{0041FE4D-BAFB-4BFA-9F4C-9F06D36F7F33}.Ad-Hoc|x64.Build.0 = Release|Any CPU
		{0041FE4D-BAFB-4BFA-9F4C-9F06D36F7F33}.Ad-Hoc|x86.ActiveCfg = Release|Any CPU
		{0041FE4D-BAFB-4BFA-9F4C-9F06D36F7F33}.Ad-Hoc|x86.Build.0 = Release|Any CPU
		{0041FE4D-BAFB-4BFA-9F4C-9F06D36F7F33}.AppStore|Any CPU.ActiveCfg = Release|Any CPU
		{0041FE4D-BAFB-4BFA-9F4C-9F06D36F7F33}.AppStore|Any CPU.Build.0 = Release|Any CPU
		{0041FE4D-BAFB-4BFA-9F4C-9F06D36F7F33}.AppStore|ARM.ActiveCfg = Release|Any CPU
		{0041FE4D-BAFB-4BFA-9F4C-9F06D36F7F33}.AppStore|ARM.Build.0 = Release|Any CPU
		{0041FE4D-BAFB-4BFA-9F4C-9F06D36F7F33}.AppStore|iPhone.ActiveCfg = Release|Any CPU
		{0041FE4D-BAFB-4BFA-9F4C-9F06D36F7F33}.AppStore|iPhone.Build.0 = Release|Any CPU
		{0041FE4D-BAFB-4BFA-9F4C-9F06D36F7F33}.AppStore|iPhoneSimulator.ActiveCfg = Release|Any CPU
		{0041FE4D-BAFB-4BFA-9F4C-9F06D36F7F33}.AppStore|iPhoneSimulator.Build.0 = Release|Any CPU
		{0041FE4D-BAFB-4BFA-9F4C-9F06D36F7F33}.AppStore|x64.ActiveCfg = Release|Any CPU
		{0041FE4D-BAFB-4BFA-9F4C-9F06D36F7F33}.AppStore|x64.Build.0 = Release|Any CPU
		{0041FE4D-BAFB-4BFA-9F4C-9F06D36F7F33}.AppStore|x86.ActiveCfg = Release|Any CPU
		{0041FE4D-BAFB-4BFA-9F4C-9F06D36F7F33}.AppStore|x86.Build.0 = Release|Any CPU
		{0041FE4D-BAFB-4BFA-9F4C-9F06D36F7F33}.Debug|Any CPU.ActiveCfg = Debug|Any CPU
		{0041FE4D-BAFB-4BFA-9F4C-9F06D36F7F33}.Debug|Any CPU.Build.0 = Debug|Any CPU
		{0041FE4D-BAFB-4BFA-9F4C-9F06D36F7F33}.Debug|ARM.ActiveCfg = Debug|Any CPU
		{0041FE4D-BAFB-4BFA-9F4C-9F06D36F7F33}.Debug|ARM.Build.0 = Debug|Any CPU
		{0041FE4D-BAFB-4BFA-9F4C-9F06D36F7F33}.Debug|iPhone.ActiveCfg = Debug|Any CPU
		{0041FE4D-BAFB-4BFA-9F4C-9F06D36F7F33}.Debug|iPhone.Build.0 = Debug|Any CPU
		{0041FE4D-BAFB-4BFA-9F4C-9F06D36F7F33}.Debug|iPhoneSimulator.ActiveCfg = Debug|Any CPU
		{0041FE4D-BAFB-4BFA-9F4C-9F06D36F7F33}.Debug|iPhoneSimulator.Build.0 = Debug|Any CPU
		{0041FE4D-BAFB-4BFA-9F4C-9F06D36F7F33}.Debug|x64.ActiveCfg = Debug|Any CPU
		{0041FE4D-BAFB-4BFA-9F4C-9F06D36F7F33}.Debug|x64.Build.0 = Debug|Any CPU
		{0041FE4D-BAFB-4BFA-9F4C-9F06D36F7F33}.Debug|x86.ActiveCfg = Debug|Any CPU
		{0041FE4D-BAFB-4BFA-9F4C-9F06D36F7F33}.Debug|x86.Build.0 = Debug|Any CPU
		{0041FE4D-BAFB-4BFA-9F4C-9F06D36F7F33}.Release|Any CPU.ActiveCfg = Release|Any CPU
		{0041FE4D-BAFB-4BFA-9F4C-9F06D36F7F33}.Release|Any CPU.Build.0 = Release|Any CPU
		{0041FE4D-BAFB-4BFA-9F4C-9F06D36F7F33}.Release|ARM.ActiveCfg = Release|Any CPU
		{0041FE4D-BAFB-4BFA-9F4C-9F06D36F7F33}.Release|ARM.Build.0 = Release|Any CPU
		{0041FE4D-BAFB-4BFA-9F4C-9F06D36F7F33}.Release|iPhone.ActiveCfg = Release|Any CPU
		{0041FE4D-BAFB-4BFA-9F4C-9F06D36F7F33}.Release|iPhone.Build.0 = Release|Any CPU
		{0041FE4D-BAFB-4BFA-9F4C-9F06D36F7F33}.Release|iPhoneSimulator.ActiveCfg = Release|Any CPU
		{0041FE4D-BAFB-4BFA-9F4C-9F06D36F7F33}.Release|iPhoneSimulator.Build.0 = Release|Any CPU
		{0041FE4D-BAFB-4BFA-9F4C-9F06D36F7F33}.Release|x64.ActiveCfg = Release|Any CPU
		{0041FE4D-BAFB-4BFA-9F4C-9F06D36F7F33}.Release|x64.Build.0 = Release|Any CPU
		{0041FE4D-BAFB-4BFA-9F4C-9F06D36F7F33}.Release|x86.ActiveCfg = Release|Any CPU
		{0041FE4D-BAFB-4BFA-9F4C-9F06D36F7F33}.Release|x86.Build.0 = Release|Any CPU
		{976EB37D-499F-44D5-88CB-B215F28E3A8C}.Ad-Hoc|Any CPU.ActiveCfg = Release|Any CPU
		{976EB37D-499F-44D5-88CB-B215F28E3A8C}.Ad-Hoc|Any CPU.Build.0 = Release|Any CPU
		{976EB37D-499F-44D5-88CB-B215F28E3A8C}.Ad-Hoc|ARM.ActiveCfg = Release|Any CPU
		{976EB37D-499F-44D5-88CB-B215F28E3A8C}.Ad-Hoc|ARM.Build.0 = Release|Any CPU
		{976EB37D-499F-44D5-88CB-B215F28E3A8C}.Ad-Hoc|iPhone.ActiveCfg = Release|Any CPU
		{976EB37D-499F-44D5-88CB-B215F28E3A8C}.Ad-Hoc|iPhone.Build.0 = Release|Any CPU
		{976EB37D-499F-44D5-88CB-B215F28E3A8C}.Ad-Hoc|iPhoneSimulator.ActiveCfg = Release|Any CPU
		{976EB37D-499F-44D5-88CB-B215F28E3A8C}.Ad-Hoc|iPhoneSimulator.Build.0 = Release|Any CPU
		{976EB37D-499F-44D5-88CB-B215F28E3A8C}.Ad-Hoc|x64.ActiveCfg = Release|Any CPU
		{976EB37D-499F-44D5-88CB-B215F28E3A8C}.Ad-Hoc|x64.Build.0 = Release|Any CPU
		{976EB37D-499F-44D5-88CB-B215F28E3A8C}.Ad-Hoc|x86.ActiveCfg = Release|Any CPU
		{976EB37D-499F-44D5-88CB-B215F28E3A8C}.Ad-Hoc|x86.Build.0 = Release|Any CPU
		{976EB37D-499F-44D5-88CB-B215F28E3A8C}.AppStore|Any CPU.ActiveCfg = Release|Any CPU
		{976EB37D-499F-44D5-88CB-B215F28E3A8C}.AppStore|Any CPU.Build.0 = Release|Any CPU
		{976EB37D-499F-44D5-88CB-B215F28E3A8C}.AppStore|ARM.ActiveCfg = Release|Any CPU
		{976EB37D-499F-44D5-88CB-B215F28E3A8C}.AppStore|ARM.Build.0 = Release|Any CPU
		{976EB37D-499F-44D5-88CB-B215F28E3A8C}.AppStore|iPhone.ActiveCfg = Release|Any CPU
		{976EB37D-499F-44D5-88CB-B215F28E3A8C}.AppStore|iPhone.Build.0 = Release|Any CPU
		{976EB37D-499F-44D5-88CB-B215F28E3A8C}.AppStore|iPhoneSimulator.ActiveCfg = Release|Any CPU
		{976EB37D-499F-44D5-88CB-B215F28E3A8C}.AppStore|iPhoneSimulator.Build.0 = Release|Any CPU
		{976EB37D-499F-44D5-88CB-B215F28E3A8C}.AppStore|x64.ActiveCfg = Release|Any CPU
		{976EB37D-499F-44D5-88CB-B215F28E3A8C}.AppStore|x64.Build.0 = Release|Any CPU
		{976EB37D-499F-44D5-88CB-B215F28E3A8C}.AppStore|x86.ActiveCfg = Release|Any CPU
		{976EB37D-499F-44D5-88CB-B215F28E3A8C}.AppStore|x86.Build.0 = Release|Any CPU
		{976EB37D-499F-44D5-88CB-B215F28E3A8C}.Debug|Any CPU.ActiveCfg = Debug|Any CPU
		{976EB37D-499F-44D5-88CB-B215F28E3A8C}.Debug|Any CPU.Build.0 = Debug|Any CPU
		{976EB37D-499F-44D5-88CB-B215F28E3A8C}.Debug|ARM.ActiveCfg = Debug|Any CPU
		{976EB37D-499F-44D5-88CB-B215F28E3A8C}.Debug|ARM.Build.0 = Debug|Any CPU
		{976EB37D-499F-44D5-88CB-B215F28E3A8C}.Debug|iPhone.ActiveCfg = Debug|Any CPU
		{976EB37D-499F-44D5-88CB-B215F28E3A8C}.Debug|iPhone.Build.0 = Debug|Any CPU
		{976EB37D-499F-44D5-88CB-B215F28E3A8C}.Debug|iPhoneSimulator.ActiveCfg = Debug|Any CPU
		{976EB37D-499F-44D5-88CB-B215F28E3A8C}.Debug|iPhoneSimulator.Build.0 = Debug|Any CPU
		{976EB37D-499F-44D5-88CB-B215F28E3A8C}.Debug|x64.ActiveCfg = Debug|Any CPU
		{976EB37D-499F-44D5-88CB-B215F28E3A8C}.Debug|x64.Build.0 = Debug|Any CPU
		{976EB37D-499F-44D5-88CB-B215F28E3A8C}.Debug|x86.ActiveCfg = Debug|Any CPU
		{976EB37D-499F-44D5-88CB-B215F28E3A8C}.Debug|x86.Build.0 = Debug|Any CPU
		{976EB37D-499F-44D5-88CB-B215F28E3A8C}.Release|Any CPU.ActiveCfg = Release|Any CPU
		{976EB37D-499F-44D5-88CB-B215F28E3A8C}.Release|Any CPU.Build.0 = Release|Any CPU
		{976EB37D-499F-44D5-88CB-B215F28E3A8C}.Release|ARM.ActiveCfg = Release|Any CPU
		{976EB37D-499F-44D5-88CB-B215F28E3A8C}.Release|ARM.Build.0 = Release|Any CPU
		{976EB37D-499F-44D5-88CB-B215F28E3A8C}.Release|iPhone.ActiveCfg = Release|Any CPU
		{976EB37D-499F-44D5-88CB-B215F28E3A8C}.Release|iPhone.Build.0 = Release|Any CPU
		{976EB37D-499F-44D5-88CB-B215F28E3A8C}.Release|iPhoneSimulator.ActiveCfg = Release|Any CPU
		{976EB37D-499F-44D5-88CB-B215F28E3A8C}.Release|iPhoneSimulator.Build.0 = Release|Any CPU
		{976EB37D-499F-44D5-88CB-B215F28E3A8C}.Release|x64.ActiveCfg = Release|Any CPU
		{976EB37D-499F-44D5-88CB-B215F28E3A8C}.Release|x64.Build.0 = Release|Any CPU
		{976EB37D-499F-44D5-88CB-B215F28E3A8C}.Release|x86.ActiveCfg = Release|Any CPU
		{976EB37D-499F-44D5-88CB-B215F28E3A8C}.Release|x86.Build.0 = Release|Any CPU
		{1F2AC44B-F9B3-49A4-9043-DBE79C7BC9A0}.Ad-Hoc|Any CPU.ActiveCfg = Release|Any CPU
		{1F2AC44B-F9B3-49A4-9043-DBE79C7BC9A0}.Ad-Hoc|Any CPU.Build.0 = Release|Any CPU
		{1F2AC44B-F9B3-49A4-9043-DBE79C7BC9A0}.Ad-Hoc|Any CPU.Deploy.0 = Release|Any CPU
		{1F2AC44B-F9B3-49A4-9043-DBE79C7BC9A0}.Ad-Hoc|ARM.ActiveCfg = Release|Any CPU
		{1F2AC44B-F9B3-49A4-9043-DBE79C7BC9A0}.Ad-Hoc|ARM.Build.0 = Release|Any CPU
		{1F2AC44B-F9B3-49A4-9043-DBE79C7BC9A0}.Ad-Hoc|ARM.Deploy.0 = Release|Any CPU
		{1F2AC44B-F9B3-49A4-9043-DBE79C7BC9A0}.Ad-Hoc|iPhone.ActiveCfg = Release|Any CPU
		{1F2AC44B-F9B3-49A4-9043-DBE79C7BC9A0}.Ad-Hoc|iPhone.Build.0 = Release|Any CPU
		{1F2AC44B-F9B3-49A4-9043-DBE79C7BC9A0}.Ad-Hoc|iPhone.Deploy.0 = Release|Any CPU
		{1F2AC44B-F9B3-49A4-9043-DBE79C7BC9A0}.Ad-Hoc|iPhoneSimulator.ActiveCfg = Release|Any CPU
		{1F2AC44B-F9B3-49A4-9043-DBE79C7BC9A0}.Ad-Hoc|iPhoneSimulator.Build.0 = Release|Any CPU
		{1F2AC44B-F9B3-49A4-9043-DBE79C7BC9A0}.Ad-Hoc|iPhoneSimulator.Deploy.0 = Release|Any CPU
		{1F2AC44B-F9B3-49A4-9043-DBE79C7BC9A0}.Ad-Hoc|x64.ActiveCfg = Release|Any CPU
		{1F2AC44B-F9B3-49A4-9043-DBE79C7BC9A0}.Ad-Hoc|x64.Build.0 = Release|Any CPU
		{1F2AC44B-F9B3-49A4-9043-DBE79C7BC9A0}.Ad-Hoc|x64.Deploy.0 = Release|Any CPU
		{1F2AC44B-F9B3-49A4-9043-DBE79C7BC9A0}.Ad-Hoc|x86.ActiveCfg = Release|Any CPU
		{1F2AC44B-F9B3-49A4-9043-DBE79C7BC9A0}.Ad-Hoc|x86.Build.0 = Release|Any CPU
		{1F2AC44B-F9B3-49A4-9043-DBE79C7BC9A0}.Ad-Hoc|x86.Deploy.0 = Release|Any CPU
		{1F2AC44B-F9B3-49A4-9043-DBE79C7BC9A0}.AppStore|Any CPU.ActiveCfg = Release|Any CPU
		{1F2AC44B-F9B3-49A4-9043-DBE79C7BC9A0}.AppStore|Any CPU.Build.0 = Release|Any CPU
		{1F2AC44B-F9B3-49A4-9043-DBE79C7BC9A0}.AppStore|Any CPU.Deploy.0 = Release|Any CPU
		{1F2AC44B-F9B3-49A4-9043-DBE79C7BC9A0}.AppStore|ARM.ActiveCfg = Release|Any CPU
		{1F2AC44B-F9B3-49A4-9043-DBE79C7BC9A0}.AppStore|ARM.Build.0 = Release|Any CPU
		{1F2AC44B-F9B3-49A4-9043-DBE79C7BC9A0}.AppStore|ARM.Deploy.0 = Release|Any CPU
		{1F2AC44B-F9B3-49A4-9043-DBE79C7BC9A0}.AppStore|iPhone.ActiveCfg = Release|Any CPU
		{1F2AC44B-F9B3-49A4-9043-DBE79C7BC9A0}.AppStore|iPhone.Build.0 = Release|Any CPU
		{1F2AC44B-F9B3-49A4-9043-DBE79C7BC9A0}.AppStore|iPhone.Deploy.0 = Release|Any CPU
		{1F2AC44B-F9B3-49A4-9043-DBE79C7BC9A0}.AppStore|iPhoneSimulator.ActiveCfg = Release|Any CPU
		{1F2AC44B-F9B3-49A4-9043-DBE79C7BC9A0}.AppStore|iPhoneSimulator.Build.0 = Release|Any CPU
		{1F2AC44B-F9B3-49A4-9043-DBE79C7BC9A0}.AppStore|iPhoneSimulator.Deploy.0 = Release|Any CPU
		{1F2AC44B-F9B3-49A4-9043-DBE79C7BC9A0}.AppStore|x64.ActiveCfg = Release|Any CPU
		{1F2AC44B-F9B3-49A4-9043-DBE79C7BC9A0}.AppStore|x64.Build.0 = Release|Any CPU
		{1F2AC44B-F9B3-49A4-9043-DBE79C7BC9A0}.AppStore|x64.Deploy.0 = Release|Any CPU
		{1F2AC44B-F9B3-49A4-9043-DBE79C7BC9A0}.AppStore|x86.ActiveCfg = Release|Any CPU
		{1F2AC44B-F9B3-49A4-9043-DBE79C7BC9A0}.AppStore|x86.Build.0 = Release|Any CPU
		{1F2AC44B-F9B3-49A4-9043-DBE79C7BC9A0}.AppStore|x86.Deploy.0 = Release|Any CPU
		{1F2AC44B-F9B3-49A4-9043-DBE79C7BC9A0}.Debug|Any CPU.ActiveCfg = Debug|Any CPU
		{1F2AC44B-F9B3-49A4-9043-DBE79C7BC9A0}.Debug|Any CPU.Build.0 = Debug|Any CPU
		{1F2AC44B-F9B3-49A4-9043-DBE79C7BC9A0}.Debug|Any CPU.Deploy.0 = Debug|Any CPU
		{1F2AC44B-F9B3-49A4-9043-DBE79C7BC9A0}.Debug|ARM.ActiveCfg = Debug|Any CPU
		{1F2AC44B-F9B3-49A4-9043-DBE79C7BC9A0}.Debug|ARM.Build.0 = Debug|Any CPU
		{1F2AC44B-F9B3-49A4-9043-DBE79C7BC9A0}.Debug|ARM.Deploy.0 = Debug|Any CPU
		{1F2AC44B-F9B3-49A4-9043-DBE79C7BC9A0}.Debug|iPhone.ActiveCfg = Debug|Any CPU
		{1F2AC44B-F9B3-49A4-9043-DBE79C7BC9A0}.Debug|iPhone.Build.0 = Debug|Any CPU
		{1F2AC44B-F9B3-49A4-9043-DBE79C7BC9A0}.Debug|iPhone.Deploy.0 = Debug|Any CPU
		{1F2AC44B-F9B3-49A4-9043-DBE79C7BC9A0}.Debug|iPhoneSimulator.ActiveCfg = Debug|Any CPU
		{1F2AC44B-F9B3-49A4-9043-DBE79C7BC9A0}.Debug|iPhoneSimulator.Build.0 = Debug|Any CPU
		{1F2AC44B-F9B3-49A4-9043-DBE79C7BC9A0}.Debug|iPhoneSimulator.Deploy.0 = Debug|Any CPU
		{1F2AC44B-F9B3-49A4-9043-DBE79C7BC9A0}.Debug|x64.ActiveCfg = Debug|Any CPU
		{1F2AC44B-F9B3-49A4-9043-DBE79C7BC9A0}.Debug|x64.Build.0 = Debug|Any CPU
		{1F2AC44B-F9B3-49A4-9043-DBE79C7BC9A0}.Debug|x64.Deploy.0 = Debug|Any CPU
		{1F2AC44B-F9B3-49A4-9043-DBE79C7BC9A0}.Debug|x86.ActiveCfg = Debug|Any CPU
		{1F2AC44B-F9B3-49A4-9043-DBE79C7BC9A0}.Debug|x86.Build.0 = Debug|Any CPU
		{1F2AC44B-F9B3-49A4-9043-DBE79C7BC9A0}.Debug|x86.Deploy.0 = Debug|Any CPU
		{1F2AC44B-F9B3-49A4-9043-DBE79C7BC9A0}.Release|Any CPU.ActiveCfg = Release|Any CPU
		{1F2AC44B-F9B3-49A4-9043-DBE79C7BC9A0}.Release|Any CPU.Build.0 = Release|Any CPU
		{1F2AC44B-F9B3-49A4-9043-DBE79C7BC9A0}.Release|Any CPU.Deploy.0 = Release|Any CPU
		{1F2AC44B-F9B3-49A4-9043-DBE79C7BC9A0}.Release|ARM.ActiveCfg = Release|Any CPU
		{1F2AC44B-F9B3-49A4-9043-DBE79C7BC9A0}.Release|ARM.Build.0 = Release|Any CPU
		{1F2AC44B-F9B3-49A4-9043-DBE79C7BC9A0}.Release|ARM.Deploy.0 = Release|Any CPU
		{1F2AC44B-F9B3-49A4-9043-DBE79C7BC9A0}.Release|iPhone.ActiveCfg = Release|Any CPU
		{1F2AC44B-F9B3-49A4-9043-DBE79C7BC9A0}.Release|iPhone.Build.0 = Release|Any CPU
		{1F2AC44B-F9B3-49A4-9043-DBE79C7BC9A0}.Release|iPhone.Deploy.0 = Release|Any CPU
		{1F2AC44B-F9B3-49A4-9043-DBE79C7BC9A0}.Release|iPhoneSimulator.ActiveCfg = Release|Any CPU
		{1F2AC44B-F9B3-49A4-9043-DBE79C7BC9A0}.Release|iPhoneSimulator.Build.0 = Release|Any CPU
		{1F2AC44B-F9B3-49A4-9043-DBE79C7BC9A0}.Release|iPhoneSimulator.Deploy.0 = Release|Any CPU
		{1F2AC44B-F9B3-49A4-9043-DBE79C7BC9A0}.Release|x64.ActiveCfg = Release|Any CPU
		{1F2AC44B-F9B3-49A4-9043-DBE79C7BC9A0}.Release|x64.Build.0 = Release|Any CPU
		{1F2AC44B-F9B3-49A4-9043-DBE79C7BC9A0}.Release|x64.Deploy.0 = Release|Any CPU
		{1F2AC44B-F9B3-49A4-9043-DBE79C7BC9A0}.Release|x86.ActiveCfg = Release|Any CPU
		{1F2AC44B-F9B3-49A4-9043-DBE79C7BC9A0}.Release|x86.Build.0 = Release|Any CPU
		{1F2AC44B-F9B3-49A4-9043-DBE79C7BC9A0}.Release|x86.Deploy.0 = Release|Any CPU
		{B9B6A981-F159-4ABB-9009-53C8ADEEC4EE}.Ad-Hoc|Any CPU.ActiveCfg = Release|Any CPU
		{B9B6A981-F159-4ABB-9009-53C8ADEEC4EE}.Ad-Hoc|Any CPU.Build.0 = Release|Any CPU
		{B9B6A981-F159-4ABB-9009-53C8ADEEC4EE}.Ad-Hoc|Any CPU.Deploy.0 = Release|Any CPU
		{B9B6A981-F159-4ABB-9009-53C8ADEEC4EE}.Ad-Hoc|ARM.ActiveCfg = Release|ARM
		{B9B6A981-F159-4ABB-9009-53C8ADEEC4EE}.Ad-Hoc|ARM.Build.0 = Release|ARM
		{B9B6A981-F159-4ABB-9009-53C8ADEEC4EE}.Ad-Hoc|ARM.Deploy.0 = Release|ARM
		{B9B6A981-F159-4ABB-9009-53C8ADEEC4EE}.Ad-Hoc|iPhone.ActiveCfg = Release|Any CPU
		{B9B6A981-F159-4ABB-9009-53C8ADEEC4EE}.Ad-Hoc|iPhone.Build.0 = Release|Any CPU
		{B9B6A981-F159-4ABB-9009-53C8ADEEC4EE}.Ad-Hoc|iPhone.Deploy.0 = Release|Any CPU
		{B9B6A981-F159-4ABB-9009-53C8ADEEC4EE}.Ad-Hoc|iPhoneSimulator.ActiveCfg = Release|Any CPU
		{B9B6A981-F159-4ABB-9009-53C8ADEEC4EE}.Ad-Hoc|iPhoneSimulator.Build.0 = Release|Any CPU
		{B9B6A981-F159-4ABB-9009-53C8ADEEC4EE}.Ad-Hoc|iPhoneSimulator.Deploy.0 = Release|Any CPU
		{B9B6A981-F159-4ABB-9009-53C8ADEEC4EE}.Ad-Hoc|x64.ActiveCfg = Release|Any CPU
		{B9B6A981-F159-4ABB-9009-53C8ADEEC4EE}.Ad-Hoc|x64.Build.0 = Release|Any CPU
		{B9B6A981-F159-4ABB-9009-53C8ADEEC4EE}.Ad-Hoc|x64.Deploy.0 = Release|Any CPU
		{B9B6A981-F159-4ABB-9009-53C8ADEEC4EE}.Ad-Hoc|x86.ActiveCfg = Release|x86
		{B9B6A981-F159-4ABB-9009-53C8ADEEC4EE}.Ad-Hoc|x86.Build.0 = Release|x86
		{B9B6A981-F159-4ABB-9009-53C8ADEEC4EE}.Ad-Hoc|x86.Deploy.0 = Release|x86
		{B9B6A981-F159-4ABB-9009-53C8ADEEC4EE}.AppStore|Any CPU.ActiveCfg = Release|Any CPU
		{B9B6A981-F159-4ABB-9009-53C8ADEEC4EE}.AppStore|Any CPU.Build.0 = Release|Any CPU
		{B9B6A981-F159-4ABB-9009-53C8ADEEC4EE}.AppStore|Any CPU.Deploy.0 = Release|Any CPU
		{B9B6A981-F159-4ABB-9009-53C8ADEEC4EE}.AppStore|ARM.ActiveCfg = Release|ARM
		{B9B6A981-F159-4ABB-9009-53C8ADEEC4EE}.AppStore|ARM.Build.0 = Release|ARM
		{B9B6A981-F159-4ABB-9009-53C8ADEEC4EE}.AppStore|ARM.Deploy.0 = Release|ARM
		{B9B6A981-F159-4ABB-9009-53C8ADEEC4EE}.AppStore|iPhone.ActiveCfg = Release|Any CPU
		{B9B6A981-F159-4ABB-9009-53C8ADEEC4EE}.AppStore|iPhone.Build.0 = Release|Any CPU
		{B9B6A981-F159-4ABB-9009-53C8ADEEC4EE}.AppStore|iPhone.Deploy.0 = Release|Any CPU
		{B9B6A981-F159-4ABB-9009-53C8ADEEC4EE}.AppStore|iPhoneSimulator.ActiveCfg = Release|Any CPU
		{B9B6A981-F159-4ABB-9009-53C8ADEEC4EE}.AppStore|iPhoneSimulator.Build.0 = Release|Any CPU
		{B9B6A981-F159-4ABB-9009-53C8ADEEC4EE}.AppStore|iPhoneSimulator.Deploy.0 = Release|Any CPU
		{B9B6A981-F159-4ABB-9009-53C8ADEEC4EE}.AppStore|x64.ActiveCfg = Release|Any CPU
		{B9B6A981-F159-4ABB-9009-53C8ADEEC4EE}.AppStore|x64.Build.0 = Release|Any CPU
		{B9B6A981-F159-4ABB-9009-53C8ADEEC4EE}.AppStore|x64.Deploy.0 = Release|Any CPU
		{B9B6A981-F159-4ABB-9009-53C8ADEEC4EE}.AppStore|x86.ActiveCfg = Release|x86
		{B9B6A981-F159-4ABB-9009-53C8ADEEC4EE}.AppStore|x86.Build.0 = Release|x86
		{B9B6A981-F159-4ABB-9009-53C8ADEEC4EE}.AppStore|x86.Deploy.0 = Release|x86
		{B9B6A981-F159-4ABB-9009-53C8ADEEC4EE}.Debug|Any CPU.ActiveCfg = Debug|Any CPU
		{B9B6A981-F159-4ABB-9009-53C8ADEEC4EE}.Debug|Any CPU.Build.0 = Debug|Any CPU
		{B9B6A981-F159-4ABB-9009-53C8ADEEC4EE}.Debug|Any CPU.Deploy.0 = Debug|Any CPU
		{B9B6A981-F159-4ABB-9009-53C8ADEEC4EE}.Debug|ARM.ActiveCfg = Debug|ARM
		{B9B6A981-F159-4ABB-9009-53C8ADEEC4EE}.Debug|ARM.Build.0 = Debug|ARM
		{B9B6A981-F159-4ABB-9009-53C8ADEEC4EE}.Debug|ARM.Deploy.0 = Debug|ARM
		{B9B6A981-F159-4ABB-9009-53C8ADEEC4EE}.Debug|iPhone.ActiveCfg = Debug|Any CPU
		{B9B6A981-F159-4ABB-9009-53C8ADEEC4EE}.Debug|iPhone.Build.0 = Debug|Any CPU
		{B9B6A981-F159-4ABB-9009-53C8ADEEC4EE}.Debug|iPhone.Deploy.0 = Debug|Any CPU
		{B9B6A981-F159-4ABB-9009-53C8ADEEC4EE}.Debug|iPhoneSimulator.ActiveCfg = Debug|Any CPU
		{B9B6A981-F159-4ABB-9009-53C8ADEEC4EE}.Debug|iPhoneSimulator.Build.0 = Debug|Any CPU
		{B9B6A981-F159-4ABB-9009-53C8ADEEC4EE}.Debug|iPhoneSimulator.Deploy.0 = Debug|Any CPU
		{B9B6A981-F159-4ABB-9009-53C8ADEEC4EE}.Debug|x64.ActiveCfg = Debug|Any CPU
		{B9B6A981-F159-4ABB-9009-53C8ADEEC4EE}.Debug|x64.Build.0 = Debug|Any CPU
		{B9B6A981-F159-4ABB-9009-53C8ADEEC4EE}.Debug|x64.Deploy.0 = Debug|Any CPU
		{B9B6A981-F159-4ABB-9009-53C8ADEEC4EE}.Debug|x86.ActiveCfg = Debug|x86
		{B9B6A981-F159-4ABB-9009-53C8ADEEC4EE}.Debug|x86.Build.0 = Debug|x86
		{B9B6A981-F159-4ABB-9009-53C8ADEEC4EE}.Debug|x86.Deploy.0 = Debug|x86
		{B9B6A981-F159-4ABB-9009-53C8ADEEC4EE}.Release|Any CPU.ActiveCfg = Release|Any CPU
		{B9B6A981-F159-4ABB-9009-53C8ADEEC4EE}.Release|Any CPU.Build.0 = Release|Any CPU
		{B9B6A981-F159-4ABB-9009-53C8ADEEC4EE}.Release|Any CPU.Deploy.0 = Release|Any CPU
		{B9B6A981-F159-4ABB-9009-53C8ADEEC4EE}.Release|ARM.ActiveCfg = Release|ARM
		{B9B6A981-F159-4ABB-9009-53C8ADEEC4EE}.Release|ARM.Build.0 = Release|ARM
		{B9B6A981-F159-4ABB-9009-53C8ADEEC4EE}.Release|ARM.Deploy.0 = Release|ARM
		{B9B6A981-F159-4ABB-9009-53C8ADEEC4EE}.Release|iPhone.ActiveCfg = Release|Any CPU
		{B9B6A981-F159-4ABB-9009-53C8ADEEC4EE}.Release|iPhone.Build.0 = Release|Any CPU
		{B9B6A981-F159-4ABB-9009-53C8ADEEC4EE}.Release|iPhone.Deploy.0 = Release|Any CPU
		{B9B6A981-F159-4ABB-9009-53C8ADEEC4EE}.Release|iPhoneSimulator.ActiveCfg = Release|Any CPU
		{B9B6A981-F159-4ABB-9009-53C8ADEEC4EE}.Release|iPhoneSimulator.Build.0 = Release|Any CPU
		{B9B6A981-F159-4ABB-9009-53C8ADEEC4EE}.Release|iPhoneSimulator.Deploy.0 = Release|Any CPU
		{B9B6A981-F159-4ABB-9009-53C8ADEEC4EE}.Release|x64.ActiveCfg = Release|Any CPU
		{B9B6A981-F159-4ABB-9009-53C8ADEEC4EE}.Release|x64.Build.0 = Release|Any CPU
		{B9B6A981-F159-4ABB-9009-53C8ADEEC4EE}.Release|x64.Deploy.0 = Release|Any CPU
		{B9B6A981-F159-4ABB-9009-53C8ADEEC4EE}.Release|x86.ActiveCfg = Release|x86
		{B9B6A981-F159-4ABB-9009-53C8ADEEC4EE}.Release|x86.Build.0 = Release|x86
		{B9B6A981-F159-4ABB-9009-53C8ADEEC4EE}.Release|x86.Deploy.0 = Release|x86
		{3FB0473F-8045-446E-9CB5-7B104A899D45}.Ad-Hoc|Any CPU.ActiveCfg = Release|x86
		{3FB0473F-8045-446E-9CB5-7B104A899D45}.Ad-Hoc|Any CPU.Build.0 = Release|x86
		{3FB0473F-8045-446E-9CB5-7B104A899D45}.Ad-Hoc|Any CPU.Deploy.0 = Release|x86
		{3FB0473F-8045-446E-9CB5-7B104A899D45}.Ad-Hoc|ARM.ActiveCfg = Release|ARM
		{3FB0473F-8045-446E-9CB5-7B104A899D45}.Ad-Hoc|ARM.Build.0 = Release|ARM
		{3FB0473F-8045-446E-9CB5-7B104A899D45}.Ad-Hoc|ARM.Deploy.0 = Release|ARM
		{3FB0473F-8045-446E-9CB5-7B104A899D45}.Ad-Hoc|iPhone.ActiveCfg = Release|x86
		{3FB0473F-8045-446E-9CB5-7B104A899D45}.Ad-Hoc|iPhone.Build.0 = Release|x86
		{3FB0473F-8045-446E-9CB5-7B104A899D45}.Ad-Hoc|iPhone.Deploy.0 = Release|x86
		{3FB0473F-8045-446E-9CB5-7B104A899D45}.Ad-Hoc|iPhoneSimulator.ActiveCfg = Release|x86
		{3FB0473F-8045-446E-9CB5-7B104A899D45}.Ad-Hoc|iPhoneSimulator.Build.0 = Release|x86
		{3FB0473F-8045-446E-9CB5-7B104A899D45}.Ad-Hoc|iPhoneSimulator.Deploy.0 = Release|x86
		{3FB0473F-8045-446E-9CB5-7B104A899D45}.Ad-Hoc|x64.ActiveCfg = Release|x64
		{3FB0473F-8045-446E-9CB5-7B104A899D45}.Ad-Hoc|x64.Build.0 = Release|x64
		{3FB0473F-8045-446E-9CB5-7B104A899D45}.Ad-Hoc|x64.Deploy.0 = Release|x64
		{3FB0473F-8045-446E-9CB5-7B104A899D45}.Ad-Hoc|x86.ActiveCfg = Release|x86
		{3FB0473F-8045-446E-9CB5-7B104A899D45}.Ad-Hoc|x86.Build.0 = Release|x86
		{3FB0473F-8045-446E-9CB5-7B104A899D45}.Ad-Hoc|x86.Deploy.0 = Release|x86
		{3FB0473F-8045-446E-9CB5-7B104A899D45}.AppStore|Any CPU.ActiveCfg = Release|x86
		{3FB0473F-8045-446E-9CB5-7B104A899D45}.AppStore|Any CPU.Build.0 = Release|x86
		{3FB0473F-8045-446E-9CB5-7B104A899D45}.AppStore|Any CPU.Deploy.0 = Release|x86
		{3FB0473F-8045-446E-9CB5-7B104A899D45}.AppStore|ARM.ActiveCfg = Release|ARM
		{3FB0473F-8045-446E-9CB5-7B104A899D45}.AppStore|ARM.Build.0 = Release|ARM
		{3FB0473F-8045-446E-9CB5-7B104A899D45}.AppStore|ARM.Deploy.0 = Release|ARM
		{3FB0473F-8045-446E-9CB5-7B104A899D45}.AppStore|iPhone.ActiveCfg = Release|x86
		{3FB0473F-8045-446E-9CB5-7B104A899D45}.AppStore|iPhone.Build.0 = Release|x86
		{3FB0473F-8045-446E-9CB5-7B104A899D45}.AppStore|iPhone.Deploy.0 = Release|x86
		{3FB0473F-8045-446E-9CB5-7B104A899D45}.AppStore|iPhoneSimulator.ActiveCfg = Release|x86
		{3FB0473F-8045-446E-9CB5-7B104A899D45}.AppStore|iPhoneSimulator.Build.0 = Release|x86
		{3FB0473F-8045-446E-9CB5-7B104A899D45}.AppStore|iPhoneSimulator.Deploy.0 = Release|x86
		{3FB0473F-8045-446E-9CB5-7B104A899D45}.AppStore|x64.ActiveCfg = Release|x64
		{3FB0473F-8045-446E-9CB5-7B104A899D45}.AppStore|x64.Build.0 = Release|x64
		{3FB0473F-8045-446E-9CB5-7B104A899D45}.AppStore|x64.Deploy.0 = Release|x64
		{3FB0473F-8045-446E-9CB5-7B104A899D45}.AppStore|x86.ActiveCfg = Release|x86
		{3FB0473F-8045-446E-9CB5-7B104A899D45}.AppStore|x86.Build.0 = Release|x86
		{3FB0473F-8045-446E-9CB5-7B104A899D45}.AppStore|x86.Deploy.0 = Release|x86
		{3FB0473F-8045-446E-9CB5-7B104A899D45}.Debug|Any CPU.ActiveCfg = Debug|x86
		{3FB0473F-8045-446E-9CB5-7B104A899D45}.Debug|Any CPU.Build.0 = Debug|x86
		{3FB0473F-8045-446E-9CB5-7B104A899D45}.Debug|Any CPU.Deploy.0 = Debug|x86
		{3FB0473F-8045-446E-9CB5-7B104A899D45}.Debug|ARM.ActiveCfg = Debug|ARM
		{3FB0473F-8045-446E-9CB5-7B104A899D45}.Debug|ARM.Build.0 = Debug|ARM
		{3FB0473F-8045-446E-9CB5-7B104A899D45}.Debug|ARM.Deploy.0 = Debug|ARM
		{3FB0473F-8045-446E-9CB5-7B104A899D45}.Debug|iPhone.ActiveCfg = Debug|x86
		{3FB0473F-8045-446E-9CB5-7B104A899D45}.Debug|iPhoneSimulator.ActiveCfg = Debug|x86
		{3FB0473F-8045-446E-9CB5-7B104A899D45}.Debug|iPhoneSimulator.Build.0 = Debug|x86
		{3FB0473F-8045-446E-9CB5-7B104A899D45}.Debug|iPhoneSimulator.Deploy.0 = Debug|x86
		{3FB0473F-8045-446E-9CB5-7B104A899D45}.Debug|x64.ActiveCfg = Debug|x64
		{3FB0473F-8045-446E-9CB5-7B104A899D45}.Debug|x64.Build.0 = Debug|x64
		{3FB0473F-8045-446E-9CB5-7B104A899D45}.Debug|x64.Deploy.0 = Debug|x64
		{3FB0473F-8045-446E-9CB5-7B104A899D45}.Debug|x86.ActiveCfg = Debug|x86
		{3FB0473F-8045-446E-9CB5-7B104A899D45}.Debug|x86.Build.0 = Debug|x86
		{3FB0473F-8045-446E-9CB5-7B104A899D45}.Debug|x86.Deploy.0 = Debug|x86
		{3FB0473F-8045-446E-9CB5-7B104A899D45}.Release|Any CPU.ActiveCfg = Release|x86
		{3FB0473F-8045-446E-9CB5-7B104A899D45}.Release|ARM.ActiveCfg = Release|ARM
		{3FB0473F-8045-446E-9CB5-7B104A899D45}.Release|ARM.Build.0 = Release|ARM
		{3FB0473F-8045-446E-9CB5-7B104A899D45}.Release|ARM.Deploy.0 = Release|ARM
		{3FB0473F-8045-446E-9CB5-7B104A899D45}.Release|iPhone.ActiveCfg = Release|x86
		{3FB0473F-8045-446E-9CB5-7B104A899D45}.Release|iPhoneSimulator.ActiveCfg = Release|x86
		{3FB0473F-8045-446E-9CB5-7B104A899D45}.Release|x64.ActiveCfg = Release|x64
		{3FB0473F-8045-446E-9CB5-7B104A899D45}.Release|x64.Build.0 = Release|x64
		{3FB0473F-8045-446E-9CB5-7B104A899D45}.Release|x64.Deploy.0 = Release|x64
		{3FB0473F-8045-446E-9CB5-7B104A899D45}.Release|x86.ActiveCfg = Release|x86
		{3FB0473F-8045-446E-9CB5-7B104A899D45}.Release|x86.Build.0 = Release|x86
		{3FB0473F-8045-446E-9CB5-7B104A899D45}.Release|x86.Deploy.0 = Release|x86
		{FDF419A0-BB42-4940-9985-DB196E70B433}.Ad-Hoc|Any CPU.ActiveCfg = Release|Any CPU
		{FDF419A0-BB42-4940-9985-DB196E70B433}.Ad-Hoc|Any CPU.Build.0 = Release|Any CPU
		{FDF419A0-BB42-4940-9985-DB196E70B433}.Ad-Hoc|Any CPU.Deploy.0 = Release|Any CPU
		{FDF419A0-BB42-4940-9985-DB196E70B433}.Ad-Hoc|ARM.ActiveCfg = Release|ARM
		{FDF419A0-BB42-4940-9985-DB196E70B433}.Ad-Hoc|ARM.Build.0 = Release|ARM
		{FDF419A0-BB42-4940-9985-DB196E70B433}.Ad-Hoc|ARM.Deploy.0 = Release|ARM
		{FDF419A0-BB42-4940-9985-DB196E70B433}.Ad-Hoc|iPhone.ActiveCfg = Release|Any CPU
		{FDF419A0-BB42-4940-9985-DB196E70B433}.Ad-Hoc|iPhone.Build.0 = Release|Any CPU
		{FDF419A0-BB42-4940-9985-DB196E70B433}.Ad-Hoc|iPhone.Deploy.0 = Release|Any CPU
		{FDF419A0-BB42-4940-9985-DB196E70B433}.Ad-Hoc|iPhoneSimulator.ActiveCfg = Release|Any CPU
		{FDF419A0-BB42-4940-9985-DB196E70B433}.Ad-Hoc|iPhoneSimulator.Build.0 = Release|Any CPU
		{FDF419A0-BB42-4940-9985-DB196E70B433}.Ad-Hoc|iPhoneSimulator.Deploy.0 = Release|Any CPU
		{FDF419A0-BB42-4940-9985-DB196E70B433}.Ad-Hoc|x64.ActiveCfg = Release|x64
		{FDF419A0-BB42-4940-9985-DB196E70B433}.Ad-Hoc|x64.Build.0 = Release|x64
		{FDF419A0-BB42-4940-9985-DB196E70B433}.Ad-Hoc|x64.Deploy.0 = Release|x64
		{FDF419A0-BB42-4940-9985-DB196E70B433}.Ad-Hoc|x86.ActiveCfg = Release|x86
		{FDF419A0-BB42-4940-9985-DB196E70B433}.Ad-Hoc|x86.Build.0 = Release|x86
		{FDF419A0-BB42-4940-9985-DB196E70B433}.Ad-Hoc|x86.Deploy.0 = Release|x86
		{FDF419A0-BB42-4940-9985-DB196E70B433}.AppStore|Any CPU.ActiveCfg = Release|Any CPU
		{FDF419A0-BB42-4940-9985-DB196E70B433}.AppStore|Any CPU.Build.0 = Release|Any CPU
		{FDF419A0-BB42-4940-9985-DB196E70B433}.AppStore|Any CPU.Deploy.0 = Release|Any CPU
		{FDF419A0-BB42-4940-9985-DB196E70B433}.AppStore|ARM.ActiveCfg = Release|ARM
		{FDF419A0-BB42-4940-9985-DB196E70B433}.AppStore|ARM.Build.0 = Release|ARM
		{FDF419A0-BB42-4940-9985-DB196E70B433}.AppStore|ARM.Deploy.0 = Release|ARM
		{FDF419A0-BB42-4940-9985-DB196E70B433}.AppStore|iPhone.ActiveCfg = Release|Any CPU
		{FDF419A0-BB42-4940-9985-DB196E70B433}.AppStore|iPhone.Build.0 = Release|Any CPU
		{FDF419A0-BB42-4940-9985-DB196E70B433}.AppStore|iPhone.Deploy.0 = Release|Any CPU
		{FDF419A0-BB42-4940-9985-DB196E70B433}.AppStore|iPhoneSimulator.ActiveCfg = Release|Any CPU
		{FDF419A0-BB42-4940-9985-DB196E70B433}.AppStore|iPhoneSimulator.Build.0 = Release|Any CPU
		{FDF419A0-BB42-4940-9985-DB196E70B433}.AppStore|iPhoneSimulator.Deploy.0 = Release|Any CPU
		{FDF419A0-BB42-4940-9985-DB196E70B433}.AppStore|x64.ActiveCfg = Release|x64
		{FDF419A0-BB42-4940-9985-DB196E70B433}.AppStore|x64.Build.0 = Release|x64
		{FDF419A0-BB42-4940-9985-DB196E70B433}.AppStore|x64.Deploy.0 = Release|x64
		{FDF419A0-BB42-4940-9985-DB196E70B433}.AppStore|x86.ActiveCfg = Release|x86
		{FDF419A0-BB42-4940-9985-DB196E70B433}.AppStore|x86.Build.0 = Release|x86
		{FDF419A0-BB42-4940-9985-DB196E70B433}.AppStore|x86.Deploy.0 = Release|x86
		{FDF419A0-BB42-4940-9985-DB196E70B433}.Debug|Any CPU.ActiveCfg = Debug|Any CPU
		{FDF419A0-BB42-4940-9985-DB196E70B433}.Debug|Any CPU.Build.0 = Debug|Any CPU
		{FDF419A0-BB42-4940-9985-DB196E70B433}.Debug|Any CPU.Deploy.0 = Debug|Any CPU
		{FDF419A0-BB42-4940-9985-DB196E70B433}.Debug|ARM.ActiveCfg = Debug|ARM
		{FDF419A0-BB42-4940-9985-DB196E70B433}.Debug|ARM.Build.0 = Debug|ARM
		{FDF419A0-BB42-4940-9985-DB196E70B433}.Debug|ARM.Deploy.0 = Debug|ARM
		{FDF419A0-BB42-4940-9985-DB196E70B433}.Debug|iPhone.ActiveCfg = Debug|Any CPU
		{FDF419A0-BB42-4940-9985-DB196E70B433}.Debug|iPhone.Build.0 = Debug|Any CPU
		{FDF419A0-BB42-4940-9985-DB196E70B433}.Debug|iPhone.Deploy.0 = Debug|Any CPU
		{FDF419A0-BB42-4940-9985-DB196E70B433}.Debug|iPhoneSimulator.ActiveCfg = Debug|Any CPU
		{FDF419A0-BB42-4940-9985-DB196E70B433}.Debug|iPhoneSimulator.Build.0 = Debug|Any CPU
		{FDF419A0-BB42-4940-9985-DB196E70B433}.Debug|iPhoneSimulator.Deploy.0 = Debug|Any CPU
		{FDF419A0-BB42-4940-9985-DB196E70B433}.Debug|x64.ActiveCfg = Debug|x64
		{FDF419A0-BB42-4940-9985-DB196E70B433}.Debug|x64.Build.0 = Debug|x64
		{FDF419A0-BB42-4940-9985-DB196E70B433}.Debug|x64.Deploy.0 = Debug|x64
		{FDF419A0-BB42-4940-9985-DB196E70B433}.Debug|x86.ActiveCfg = Debug|x86
		{FDF419A0-BB42-4940-9985-DB196E70B433}.Debug|x86.Build.0 = Debug|x86
		{FDF419A0-BB42-4940-9985-DB196E70B433}.Debug|x86.Deploy.0 = Debug|x86
		{FDF419A0-BB42-4940-9985-DB196E70B433}.Release|Any CPU.ActiveCfg = Release|Any CPU
		{FDF419A0-BB42-4940-9985-DB196E70B433}.Release|Any CPU.Build.0 = Release|Any CPU
		{FDF419A0-BB42-4940-9985-DB196E70B433}.Release|Any CPU.Deploy.0 = Release|Any CPU
		{FDF419A0-BB42-4940-9985-DB196E70B433}.Release|ARM.ActiveCfg = Release|ARM
		{FDF419A0-BB42-4940-9985-DB196E70B433}.Release|ARM.Build.0 = Release|ARM
		{FDF419A0-BB42-4940-9985-DB196E70B433}.Release|ARM.Deploy.0 = Release|ARM
		{FDF419A0-BB42-4940-9985-DB196E70B433}.Release|iPhone.ActiveCfg = Release|Any CPU
		{FDF419A0-BB42-4940-9985-DB196E70B433}.Release|iPhone.Build.0 = Release|Any CPU
		{FDF419A0-BB42-4940-9985-DB196E70B433}.Release|iPhone.Deploy.0 = Release|Any CPU
		{FDF419A0-BB42-4940-9985-DB196E70B433}.Release|iPhoneSimulator.ActiveCfg = Release|Any CPU
		{FDF419A0-BB42-4940-9985-DB196E70B433}.Release|iPhoneSimulator.Build.0 = Release|Any CPU
		{FDF419A0-BB42-4940-9985-DB196E70B433}.Release|iPhoneSimulator.Deploy.0 = Release|Any CPU
		{FDF419A0-BB42-4940-9985-DB196E70B433}.Release|x64.ActiveCfg = Release|x64
		{FDF419A0-BB42-4940-9985-DB196E70B433}.Release|x64.Build.0 = Release|x64
		{FDF419A0-BB42-4940-9985-DB196E70B433}.Release|x64.Deploy.0 = Release|x64
		{FDF419A0-BB42-4940-9985-DB196E70B433}.Release|x86.ActiveCfg = Release|x86
		{FDF419A0-BB42-4940-9985-DB196E70B433}.Release|x86.Build.0 = Release|x86
		{FDF419A0-BB42-4940-9985-DB196E70B433}.Release|x86.Deploy.0 = Release|x86
		{A61CE324-2B71-455E-A741-C04543BAE82F}.Ad-Hoc|Any CPU.ActiveCfg = Release|Any CPU
		{A61CE324-2B71-455E-A741-C04543BAE82F}.Ad-Hoc|Any CPU.Build.0 = Release|Any CPU
		{A61CE324-2B71-455E-A741-C04543BAE82F}.Ad-Hoc|ARM.ActiveCfg = Release|Any CPU
		{A61CE324-2B71-455E-A741-C04543BAE82F}.Ad-Hoc|ARM.Build.0 = Release|Any CPU
		{A61CE324-2B71-455E-A741-C04543BAE82F}.Ad-Hoc|iPhone.ActiveCfg = Release|Any CPU
		{A61CE324-2B71-455E-A741-C04543BAE82F}.Ad-Hoc|iPhone.Build.0 = Release|Any CPU
		{A61CE324-2B71-455E-A741-C04543BAE82F}.Ad-Hoc|iPhoneSimulator.ActiveCfg = Release|Any CPU
		{A61CE324-2B71-455E-A741-C04543BAE82F}.Ad-Hoc|iPhoneSimulator.Build.0 = Release|Any CPU
		{A61CE324-2B71-455E-A741-C04543BAE82F}.Ad-Hoc|x64.ActiveCfg = Release|Any CPU
		{A61CE324-2B71-455E-A741-C04543BAE82F}.Ad-Hoc|x64.Build.0 = Release|Any CPU
		{A61CE324-2B71-455E-A741-C04543BAE82F}.Ad-Hoc|x86.ActiveCfg = Release|Any CPU
		{A61CE324-2B71-455E-A741-C04543BAE82F}.Ad-Hoc|x86.Build.0 = Release|Any CPU
		{A61CE324-2B71-455E-A741-C04543BAE82F}.AppStore|Any CPU.ActiveCfg = Release|Any CPU
		{A61CE324-2B71-455E-A741-C04543BAE82F}.AppStore|Any CPU.Build.0 = Release|Any CPU
		{A61CE324-2B71-455E-A741-C04543BAE82F}.AppStore|ARM.ActiveCfg = Release|Any CPU
		{A61CE324-2B71-455E-A741-C04543BAE82F}.AppStore|ARM.Build.0 = Release|Any CPU
		{A61CE324-2B71-455E-A741-C04543BAE82F}.AppStore|iPhone.ActiveCfg = Release|Any CPU
		{A61CE324-2B71-455E-A741-C04543BAE82F}.AppStore|iPhone.Build.0 = Release|Any CPU
		{A61CE324-2B71-455E-A741-C04543BAE82F}.AppStore|iPhoneSimulator.ActiveCfg = Release|Any CPU
		{A61CE324-2B71-455E-A741-C04543BAE82F}.AppStore|iPhoneSimulator.Build.0 = Release|Any CPU
		{A61CE324-2B71-455E-A741-C04543BAE82F}.AppStore|x64.ActiveCfg = Release|Any CPU
		{A61CE324-2B71-455E-A741-C04543BAE82F}.AppStore|x64.Build.0 = Release|Any CPU
		{A61CE324-2B71-455E-A741-C04543BAE82F}.AppStore|x86.ActiveCfg = Release|Any CPU
		{A61CE324-2B71-455E-A741-C04543BAE82F}.AppStore|x86.Build.0 = Release|Any CPU
		{A61CE324-2B71-455E-A741-C04543BAE82F}.Debug|Any CPU.ActiveCfg = Debug|Any CPU
		{A61CE324-2B71-455E-A741-C04543BAE82F}.Debug|Any CPU.Build.0 = Debug|Any CPU
		{A61CE324-2B71-455E-A741-C04543BAE82F}.Debug|ARM.ActiveCfg = Debug|Any CPU
		{A61CE324-2B71-455E-A741-C04543BAE82F}.Debug|ARM.Build.0 = Debug|Any CPU
		{A61CE324-2B71-455E-A741-C04543BAE82F}.Debug|iPhone.ActiveCfg = Debug|Any CPU
		{A61CE324-2B71-455E-A741-C04543BAE82F}.Debug|iPhone.Build.0 = Debug|Any CPU
		{A61CE324-2B71-455E-A741-C04543BAE82F}.Debug|iPhoneSimulator.ActiveCfg = Debug|Any CPU
		{A61CE324-2B71-455E-A741-C04543BAE82F}.Debug|iPhoneSimulator.Build.0 = Debug|Any CPU
		{A61CE324-2B71-455E-A741-C04543BAE82F}.Debug|x64.ActiveCfg = Debug|Any CPU
		{A61CE324-2B71-455E-A741-C04543BAE82F}.Debug|x64.Build.0 = Debug|Any CPU
		{A61CE324-2B71-455E-A741-C04543BAE82F}.Debug|x86.ActiveCfg = Debug|Any CPU
		{A61CE324-2B71-455E-A741-C04543BAE82F}.Debug|x86.Build.0 = Debug|Any CPU
		{A61CE324-2B71-455E-A741-C04543BAE82F}.Release|Any CPU.ActiveCfg = Release|Any CPU
		{A61CE324-2B71-455E-A741-C04543BAE82F}.Release|Any CPU.Build.0 = Release|Any CPU
		{A61CE324-2B71-455E-A741-C04543BAE82F}.Release|ARM.ActiveCfg = Release|Any CPU
		{A61CE324-2B71-455E-A741-C04543BAE82F}.Release|ARM.Build.0 = Release|Any CPU
		{A61CE324-2B71-455E-A741-C04543BAE82F}.Release|iPhone.ActiveCfg = Release|Any CPU
		{A61CE324-2B71-455E-A741-C04543BAE82F}.Release|iPhone.Build.0 = Release|Any CPU
		{A61CE324-2B71-455E-A741-C04543BAE82F}.Release|iPhoneSimulator.ActiveCfg = Release|Any CPU
		{A61CE324-2B71-455E-A741-C04543BAE82F}.Release|iPhoneSimulator.Build.0 = Release|Any CPU
		{A61CE324-2B71-455E-A741-C04543BAE82F}.Release|x64.ActiveCfg = Release|Any CPU
		{A61CE324-2B71-455E-A741-C04543BAE82F}.Release|x64.Build.0 = Release|Any CPU
		{A61CE324-2B71-455E-A741-C04543BAE82F}.Release|x86.ActiveCfg = Release|Any CPU
		{A61CE324-2B71-455E-A741-C04543BAE82F}.Release|x86.Build.0 = Release|Any CPU
		{54AD40D1-D3C5-4F3E-AB21-C37A345EF579}.Ad-Hoc|Any CPU.ActiveCfg = Ad-Hoc|iPhone
		{54AD40D1-D3C5-4F3E-AB21-C37A345EF579}.Ad-Hoc|ARM.ActiveCfg = Ad-Hoc|iPhone
		{54AD40D1-D3C5-4F3E-AB21-C37A345EF579}.Ad-Hoc|iPhone.ActiveCfg = Ad-Hoc|iPhone
		{54AD40D1-D3C5-4F3E-AB21-C37A345EF579}.Ad-Hoc|iPhone.Build.0 = Ad-Hoc|iPhone
		{54AD40D1-D3C5-4F3E-AB21-C37A345EF579}.Ad-Hoc|iPhoneSimulator.ActiveCfg = Ad-Hoc|iPhoneSimulator
		{54AD40D1-D3C5-4F3E-AB21-C37A345EF579}.Ad-Hoc|iPhoneSimulator.Build.0 = Ad-Hoc|iPhoneSimulator
		{54AD40D1-D3C5-4F3E-AB21-C37A345EF579}.Ad-Hoc|x64.ActiveCfg = Ad-Hoc|iPhone
		{54AD40D1-D3C5-4F3E-AB21-C37A345EF579}.Ad-Hoc|x86.ActiveCfg = Ad-Hoc|iPhone
		{54AD40D1-D3C5-4F3E-AB21-C37A345EF579}.AppStore|Any CPU.ActiveCfg = AppStore|iPhone
		{54AD40D1-D3C5-4F3E-AB21-C37A345EF579}.AppStore|ARM.ActiveCfg = AppStore|iPhone
		{54AD40D1-D3C5-4F3E-AB21-C37A345EF579}.AppStore|iPhone.ActiveCfg = AppStore|iPhone
		{54AD40D1-D3C5-4F3E-AB21-C37A345EF579}.AppStore|iPhone.Build.0 = AppStore|iPhone
		{54AD40D1-D3C5-4F3E-AB21-C37A345EF579}.AppStore|iPhoneSimulator.ActiveCfg = AppStore|iPhoneSimulator
		{54AD40D1-D3C5-4F3E-AB21-C37A345EF579}.AppStore|iPhoneSimulator.Build.0 = AppStore|iPhoneSimulator
		{54AD40D1-D3C5-4F3E-AB21-C37A345EF579}.AppStore|x64.ActiveCfg = AppStore|iPhone
		{54AD40D1-D3C5-4F3E-AB21-C37A345EF579}.AppStore|x86.ActiveCfg = AppStore|iPhone
		{54AD40D1-D3C5-4F3E-AB21-C37A345EF579}.Debug|Any CPU.ActiveCfg = Debug|iPhoneSimulator
		{54AD40D1-D3C5-4F3E-AB21-C37A345EF579}.Debug|Any CPU.Build.0 = Debug|iPhoneSimulator
		{54AD40D1-D3C5-4F3E-AB21-C37A345EF579}.Debug|ARM.ActiveCfg = Debug|iPhone
		{54AD40D1-D3C5-4F3E-AB21-C37A345EF579}.Debug|iPhone.ActiveCfg = Debug|iPhone
		{54AD40D1-D3C5-4F3E-AB21-C37A345EF579}.Debug|iPhone.Build.0 = Debug|iPhone
		{54AD40D1-D3C5-4F3E-AB21-C37A345EF579}.Debug|iPhoneSimulator.ActiveCfg = Debug|iPhoneSimulator
		{54AD40D1-D3C5-4F3E-AB21-C37A345EF579}.Debug|iPhoneSimulator.Build.0 = Debug|iPhoneSimulator
		{54AD40D1-D3C5-4F3E-AB21-C37A345EF579}.Debug|x64.ActiveCfg = Debug|iPhone
		{54AD40D1-D3C5-4F3E-AB21-C37A345EF579}.Debug|x86.ActiveCfg = Debug|iPhone
		{54AD40D1-D3C5-4F3E-AB21-C37A345EF579}.Release|Any CPU.ActiveCfg = Release|iPhone
		{54AD40D1-D3C5-4F3E-AB21-C37A345EF579}.Release|ARM.ActiveCfg = Release|iPhone
		{54AD40D1-D3C5-4F3E-AB21-C37A345EF579}.Release|iPhone.ActiveCfg = Release|iPhone
		{54AD40D1-D3C5-4F3E-AB21-C37A345EF579}.Release|iPhone.Build.0 = Release|iPhone
		{54AD40D1-D3C5-4F3E-AB21-C37A345EF579}.Release|iPhoneSimulator.ActiveCfg = Release|iPhoneSimulator
		{54AD40D1-D3C5-4F3E-AB21-C37A345EF579}.Release|iPhoneSimulator.Build.0 = Release|iPhoneSimulator
		{54AD40D1-D3C5-4F3E-AB21-C37A345EF579}.Release|x64.ActiveCfg = Release|iPhone
		{54AD40D1-D3C5-4F3E-AB21-C37A345EF579}.Release|x86.ActiveCfg = Release|iPhone
	EndGlobalSection
	GlobalSection(SolutionProperties) = preSolution
		HideSolutionNode = FALSE
	EndGlobalSection
	GlobalSection(NestedProjects) = preSolution
		{67F9D3A8-F71E-4428-913F-C37AE82CDB24} = {6C2EEECF-3B24-4543-9E50-FAFF112BBFE1}
		{C9E6E888-F5D9-446B-B502-7B50267793B8} = {6C2EEECF-3B24-4543-9E50-FAFF112BBFE1}
		{1BF27A2D-AB89-4658-8F41-59105ACA2B9A} = {6C2EEECF-3B24-4543-9E50-FAFF112BBFE1}
		{E5D35055-908A-460B-BE7A-EFD94EDDD562} = {6C2EEECF-3B24-4543-9E50-FAFF112BBFE1}
		{0041FE4D-BAFB-4BFA-9F4C-9F06D36F7F33} = {6C2EEECF-3B24-4543-9E50-FAFF112BBFE1}
		{976EB37D-499F-44D5-88CB-B215F28E3A8C} = {6C2EEECF-3B24-4543-9E50-FAFF112BBFE1}
		{1F2AC44B-F9B3-49A4-9043-DBE79C7BC9A0} = {21B25D96-F38D-4D11-BB0E-997157DB91BA}
		{B9B6A981-F159-4ABB-9009-53C8ADEEC4EE} = {21B25D96-F38D-4D11-BB0E-997157DB91BA}
		{3FB0473F-8045-446E-9CB5-7B104A899D45} = {21B25D96-F38D-4D11-BB0E-997157DB91BA}
		{FDF419A0-BB42-4940-9985-DB196E70B433} = {21B25D96-F38D-4D11-BB0E-997157DB91BA}
		{A61CE324-2B71-455E-A741-C04543BAE82F} = {21B25D96-F38D-4D11-BB0E-997157DB91BA}
		{54AD40D1-D3C5-4F3E-AB21-C37A345EF579} = {21B25D96-F38D-4D11-BB0E-997157DB91BA}
		{2B7F63AF-7EC7-4305-8686-BED2AC1B84EF} = {6C2EEECF-3B24-4543-9E50-FAFF112BBFE1}
	EndGlobalSection
EndGlobal
